# This file is automatically @generated by Cargo.
# It is not intended for manual editing.
[[package]]
name = "bumpalo"
version = "3.4.0"
source = "registry+https://github.com/rust-lang/crates.io-index"
checksum = "2e8c087f005730276d1096a652e92a8bacee2e2472bcc9715a74d2bec38b5820"

[[package]]
name = "callback"
version = "0.5.2"
source = "registry+https://github.com/rust-lang/crates.io-index"
checksum = "47dff6ea96499c981478b844e2ab2d0c7e7f1f03d7637a275f2b249d0482d09f"
dependencies = [
 "lazy_static",
 "spin 0.7.0",
]

[[package]]
name = "cfg-if"
version = "0.1.10"
source = "registry+https://github.com/rust-lang/crates.io-index"
checksum = "4785bdd1c96b2a846b2bd7cc02e86b6b3dbf14e7e53446c4f54c92a361040822"

[[package]]
name = "cfg-if"
version = "1.0.0"
source = "registry+https://github.com/rust-lang/crates.io-index"
checksum = "baf1de4339761588bc0619e3cbc0120ee582ebb74b53b4efbf79117bd2da40fd"

[[package]]
name = "console_error_panic_hook"
version = "0.1.6"
source = "registry+https://github.com/rust-lang/crates.io-index"
checksum = "b8d976903543e0c48546a91908f21588a680a8c8f984df9a5d69feccb2b2a211"
dependencies = [
 "cfg-if 0.1.10",
 "wasm-bindgen",
]

[[package]]
name = "cstring"
version = "0.0.5"
source = "registry+https://github.com/rust-lang/crates.io-index"
checksum = "6a6be7aa61a2402d73972555cac532536403401be1813054ca57cfc44b9b56f3"
dependencies = [
 "cty",
 "memchr",
]

[[package]]
name = "cty"
version = "0.2.1"
source = "registry+https://github.com/rust-lang/crates.io-index"
checksum = "7313c0d620d0cb4dbd9d019e461a4beb501071ff46ec0ab933efb4daa76d73e3"

[[package]]
name = "futures"
version = "0.1.30"
source = "registry+https://github.com/rust-lang/crates.io-index"
checksum = "4c7e4c2612746b0df8fed4ce0c69156021b704c9aefa360311c04e6e9e002eed"

[[package]]
name = "getrandom"
version = "0.1.16"
source = "registry+https://github.com/rust-lang/crates.io-index"
checksum = "8fc3cb4d91f53b50155bdcfd23f6a4c39ae1969c2ae85982b135750cccaf5fce"
dependencies = [
 "cfg-if 1.0.0",
 "js-sys",
 "libc",
 "wasi",
 "wasm-bindgen",
]

[[package]]
name = "html_color"
version = "0.0.0"
source = "registry+https://github.com/rust-lang/crates.io-index"
checksum = "8777025fb1b6f012d0ae9aeba4639cc463cc509a74bf36b80bfe70e9a5bba23e"

[[package]]
name = "js"
version = "0.2.12"
source = "registry+https://github.com/rust-lang/crates.io-index"
checksum = "b39adaa6d740aea234cb2ea1f765472bc0a71d5bfa93523e6f371b238cdbf50a"
dependencies = [
 "callback",
 "cstring",
 "lazy_static",
]

[[package]]
name = "js-sys"
version = "0.3.46"
source = "registry+https://github.com/rust-lang/crates.io-index"
checksum = "cf3d7383929f7c9c7c2d0fa596f325832df98c3704f2c60553080f7127a58175"
dependencies = [
 "wasm-bindgen",
]

[[package]]
name = "lazy_static"
version = "1.4.0"
source = "registry+https://github.com/rust-lang/crates.io-index"
checksum = "e2abad23fbc42b3700f2f279844dc832adb2b2eb069b2df918f455c4e18cc646"
dependencies = [
 "spin 0.5.2",
]

[[package]]
name = "libc"
version = "0.2.81"
source = "registry+https://github.com/rust-lang/crates.io-index"
checksum = "1482821306169ec4d07f6aca392a4681f66c75c9918aa49641a2595db64053cb"

[[package]]
name = "log"
version = "0.4.11"
source = "registry+https://github.com/rust-lang/crates.io-index"
checksum = "4fabed175da42fed1fa0746b0ea71f412aa9d35e76e95e59b192c64b9dc2bf8b"
dependencies = [
 "cfg-if 0.1.10",
]

[[package]]
name = "memchr"
version = "2.3.4"
source = "registry+https://github.com/rust-lang/crates.io-index"
checksum = "0ee1c47aaa256ecabcaea351eae4a9b01ef39ed810004e298d2511ed284b1525"

[[package]]
name = "ppv-lite86"
version = "0.2.10"
source = "registry+https://github.com/rust-lang/crates.io-index"
checksum = "ac74c624d6b2d21f425f752262f42188365d7b8ff1aff74c82e45136510a4857"

[[package]]
name = "proc-macro2"
version = "0.4.30"
source = "registry+https://github.com/rust-lang/crates.io-index"
checksum = "cf3d2011ab5c909338f7887f4fc896d35932e29146c12c8d01da6b22a80ba759"
dependencies = [
 "unicode-xid 0.1.0",
]

[[package]]
name = "proc-macro2"
version = "1.0.24"
source = "registry+https://github.com/rust-lang/crates.io-index"
checksum = "1e0704ee1a7e00d7bb417d0770ea303c1bccbabf0ef1667dae92b5967f5f8a71"
dependencies = [
 "unicode-xid 0.2.1",
]

[[package]]
name = "quote"
version = "0.6.13"
source = "registry+https://github.com/rust-lang/crates.io-index"
checksum = "6ce23b6b870e8f94f81fb0a363d65d86675884b34a09043c81e5562f11c1f8e1"
dependencies = [
 "proc-macro2 0.4.30",
]

[[package]]
name = "quote"
version = "1.0.8"
source = "registry+https://github.com/rust-lang/crates.io-index"
checksum = "991431c3519a3f36861882da93630ce66b52918dcf1b8e2fd66b397fc96f28df"
dependencies = [
 "proc-macro2 1.0.24",
]

[[package]]
name = "rand"
version = "0.7.3"
source = "registry+https://github.com/rust-lang/crates.io-index"
checksum = "6a6b1679d49b24bbfe0c803429aa1874472f50d9b363131f0e89fc356b544d03"
dependencies = [
 "getrandom",
 "libc",
 "rand_chacha",
 "rand_core",
 "rand_hc",
]

[[package]]
name = "rand_chacha"
version = "0.2.2"
source = "registry+https://github.com/rust-lang/crates.io-index"
checksum = "f4c8ed856279c9737206bf725bf36935d8666ead7aa69b52be55af369d193402"
dependencies = [
 "ppv-lite86",
 "rand_core",
]

[[package]]
name = "rand_core"
version = "0.5.1"
source = "registry+https://github.com/rust-lang/crates.io-index"
checksum = "90bde5296fc891b0cef12a6d03ddccc162ce7b2aff54160af9338f8d40df6d19"
dependencies = [
 "getrandom",
]

[[package]]
name = "rand_hc"
version = "0.2.0"
source = "registry+https://github.com/rust-lang/crates.io-index"
checksum = "ca3129af7b92a17112d59ad498c6f81eaf463253766b90396d39ea7a39d6613c"
dependencies = [
 "rand_core",
]

[[package]]
name = "scoped-tls"
version = "1.0.0"
source = "registry+https://github.com/rust-lang/crates.io-index"
checksum = "ea6a9290e3c9cf0f18145ef7ffa62d68ee0bf5fcd651017e586dc7fd5da448c2"

[[package]]
name = "shapes"
version = "0.0.0"
dependencies = [
 "rand",
 "wasm-bindgen",
 "wasm-bindgen-test",
 "web",
 "web-sys",
]

[[package]]
name = "spin"
version = "0.5.2"
source = "registry+https://github.com/rust-lang/crates.io-index"
checksum = "6e63cff320ae2c57904679ba7cb63280a3dc4613885beafb148ee7bf9aa9042d"

[[package]]
name = "spin"
version = "0.7.0"
source = "registry+https://github.com/rust-lang/crates.io-index"
checksum = "652ac3743312871a5fb703f0337e68ffa3cdc28c863efad0b8dc858fa10c991b"

[[package]]
name = "syn"
version = "1.0.57"
source = "registry+https://github.com/rust-lang/crates.io-index"
checksum = "4211ce9909eb971f111059df92c45640aad50a619cf55cd76476be803c4c68e6"
dependencies = [
 "proc-macro2 1.0.24",
 "quote 1.0.8",
 "unicode-xid 0.2.1",
]

[[package]]
name = "unicode-xid"
version = "0.1.0"
source = "registry+https://github.com/rust-lang/crates.io-index"
checksum = "fc72304796d0818e357ead4e000d19c9c174ab23dc11093ac919054d20a6a7fc"

[[package]]
name = "unicode-xid"
version = "0.2.1"
source = "registry+https://github.com/rust-lang/crates.io-index"
checksum = "f7fe0bb3479651439c9112f72b6c505038574c9fbb575ed1bf3b797fa39dd564"

[[package]]
name = "wasi"
version = "0.9.0+wasi-snapshot-preview1"
source = "registry+https://github.com/rust-lang/crates.io-index"
checksum = "cccddf32554fecc6acb585f82a32a72e28b48f8c4c1883ddfeeeaa96f7d8e519"

[[package]]
name = "wasm-bindgen"
version = "0.2.69"
source = "registry+https://github.com/rust-lang/crates.io-index"
checksum = "3cd364751395ca0f68cafb17666eee36b63077fb5ecd972bbcd74c90c4bf736e"
dependencies = [
 "cfg-if 1.0.0",
 "wasm-bindgen-macro",
]

[[package]]
name = "wasm-bindgen-backend"
version = "0.2.69"
source = "registry+https://github.com/rust-lang/crates.io-index"
checksum = "1114f89ab1f4106e5b55e688b828c0ab0ea593a1ea7c094b141b14cbaaec2d62"
dependencies = [
 "bumpalo",
 "lazy_static",
 "log",
 "proc-macro2 1.0.24",
 "quote 1.0.8",
 "syn",
 "wasm-bindgen-shared",
]

[[package]]
name = "wasm-bindgen-futures"
version = "0.3.27"
source = "registry+https://github.com/rust-lang/crates.io-index"
checksum = "83420b37346c311b9ed822af41ec2e82839bfe99867ec6c54e2da43b7538771c"
dependencies = [
 "cfg-if 0.1.10",
 "futures",
 "js-sys",
 "wasm-bindgen",
 "web-sys",
]

[[package]]
name = "wasm-bindgen-macro"
version = "0.2.69"
source = "registry+https://github.com/rust-lang/crates.io-index"
checksum = "7a6ac8995ead1f084a8dea1e65f194d0973800c7f571f6edd70adf06ecf77084"
dependencies = [
 "quote 1.0.8",
 "wasm-bindgen-macro-support",
]

[[package]]
name = "wasm-bindgen-macro-support"
version = "0.2.69"
source = "registry+https://github.com/rust-lang/crates.io-index"
checksum = "b5a48c72f299d80557c7c62e37e7225369ecc0c963964059509fbafe917c7549"
dependencies = [
 "proc-macro2 1.0.24",
 "quote 1.0.8",
 "syn",
 "wasm-bindgen-backend",
 "wasm-bindgen-shared",
]

[[package]]
name = "wasm-bindgen-shared"
version = "0.2.69"
source = "registry+https://github.com/rust-lang/crates.io-index"
checksum = "7e7811dd7f9398f14cc76efd356f98f03aa30419dea46aa810d71e819fc97158"

[[package]]
name = "wasm-bindgen-test"
version = "0.2.50"
source = "registry+https://github.com/rust-lang/crates.io-index"
checksum = "a2d9693b63a742d481c7f80587e057920e568317b2806988c59cd71618bc26c1"
dependencies = [
 "console_error_panic_hook",
 "futures",
 "js-sys",
 "scoped-tls",
 "wasm-bindgen",
 "wasm-bindgen-futures",
 "wasm-bindgen-test-macro",
]

[[package]]
name = "wasm-bindgen-test-macro"
version = "0.2.50"
source = "registry+https://github.com/rust-lang/crates.io-index"
checksum = "0789dac148a8840bbcf9efe13905463b733fa96543bfbf263790535c11af7ba5"
dependencies = [
 "proc-macro2 0.4.30",
 "quote 0.6.13",
]

[[package]]
name = "web"
version = "0.1.9"
source = "registry+https://github.com/rust-lang/crates.io-index"
checksum = "1f4f82af03729afe19114a25d66ec820c107cf5e0d11633b30f14f9f95aa1b1f"
dependencies = [
 "html_color",
 "js",
 "spin 0.7.0",
 "web-dom",
 "web_canvas",
 "web_common",
 "web_console",
 "web_random",
 "web_timer",
 "webcomponent",
]

[[package]]
name = "web-dom"
version = "0.3.5"
source = "registry+https://github.com/rust-lang/crates.io-index"
checksum = "46f4fa74ce3cce63b0fa06dd1c6e07fdf67f8268c07701d5ae63d8920be8daf8"
dependencies = [
 "js",
]

[[package]]
name = "web-sys"
version = "0.3.46"
source = "registry+https://github.com/rust-lang/crates.io-index"
checksum = "222b1ef9334f92a21d3fb53dc3fd80f30836959a90f9274a626d7e06315ba3c3"
dependencies = [
 "js-sys",
 "wasm-bindgen",
]

[[package]]
name = "web_canvas"
version = "0.0.6"
source = "registry+https://github.com/rust-lang/crates.io-index"
checksum = "322059a64ce8c082b1d7fee120d357eb34158c79c53786d7dab48eb77b130918"
dependencies = [
 "js",
]

[[package]]
name = "web_common"
version = "0.3.3"
source = "registry+https://github.com/rust-lang/crates.io-index"
checksum = "73968320a0d9bbebcebf4e8fe3d405d9bb6d4651a6bfdbbc555b74c3645ac6a0"
dependencies = [
 "js",
]

[[package]]
name = "web_console"
version = "0.3.5"
source = "registry+https://github.com/rust-lang/crates.io-index"
checksum = "157d6a053f7fa6e3e3e4349f22dff94dfaa1fe55eaf7725be9e439bdbf722684"
dependencies = [
 "js",
]

[[package]]
name = "web_random"
version = "0.1.4"
source = "registry+https://github.com/rust-lang/crates.io-index"
checksum = "0df15d7283c80d9825b63df90ba40ba323d31e3e9e167f8b17a64a15aaa9b0c9"
dependencies = [
 "js",
]

[[package]]
name = "web_timer"
version = "0.2.4"
source = "registry+https://github.com/rust-lang/crates.io-index"
checksum = "d47aad20bfaed6510312b9a87e931b0ee642878dda4834d50e16933777c8fda8"
dependencies = [
 "js",
]

[[package]]
name = "webcomponent"
version = "0.6.1"
source = "registry+https://github.com/rust-lang/crates.io-index"
checksum = "f854f0c06d30daf8d102fe8455fbe851de2f69ef0bd6e78c7f76dbb91b6d7ec1"
dependencies = [
 "callback",
 "js",
 "lazy_static",
 "spin 0.7.0",
]
